// !$*UTF8*$!
{
	archiveVersion = 1;
	classes = {
	};
	objectVersion = 46;
	objects = {

/* Begin PBXBuildFile section */
		046C29FC1FCF9E120097B9E4 /* ZCCCircleProgressView.m in Sources */ = {isa = PBXBuildFile; fileRef = 046C29FB1FCF9E120097B9E4 /* ZCCCircleProgressView.m */; };
		046C29FF1FCF9E330097B9E4 /* UIView+EXTENSION.m in Sources */ = {isa = PBXBuildFile; fileRef = 046C29FE1FCF9E330097B9E4 /* UIView+EXTENSION.m */; };
		046C2A021FCF9F7D0097B9E4 /* ZCCCommon.m in Sources */ = {isa = PBXBuildFile; fileRef = 046C2A011FCF9F7D0097B9E4 /* ZCCCommon.m */; };
		04A5418B1FCEB59600DCF9E0 /* main.m in Sources */ = {isa = PBXBuildFile; fileRef = 04A5418A1FCEB59600DCF9E0 /* main.m */; };
		04A5418E1FCEB59600DCF9E0 /* AppDelegate.m in Sources */ = {isa = PBXBuildFile; fileRef = 04A5418D1FCEB59600DCF9E0 /* AppDelegate.m */; };
		04A541911FCEB59600DCF9E0 /* ViewController.m in Sources */ = {isa = PBXBuildFile; fileRef = 04A541901FCEB59600DCF9E0 /* ViewController.m */; };
		04A541941FCEB59600DCF9E0 /* Main.storyboard in Resources */ = {isa = PBXBuildFile; fileRef = 04A541921FCEB59600DCF9E0 /* Main.storyboard */; };
		04A541961FCEB59600DCF9E0 /* Assets.xcassets in Resources */ = {isa = PBXBuildFile; fileRef = 04A541951FCEB59600DCF9E0 /* Assets.xcassets */; };
		04A541991FCEB59600DCF9E0 /* LaunchScreen.storyboard in Resources */ = {isa = PBXBuildFile; fileRef = 04A541971FCEB59600DCF9E0 /* LaunchScreen.storyboard */; };
		04A541A41FCEB59700DCF9E0 /* ZCCCircleProgressViewProjectTests.m in Sources */ = {isa = PBXBuildFile; fileRef = 04A541A31FCEB59700DCF9E0 /* ZCCCircleProgressViewProjectTests.m */; };
		04A541AF1FCEB59700DCF9E0 /* ZCCCircleProgressViewProjectUITests.m in Sources */ = {isa = PBXBuildFile; fileRef = 04A541AE1FCEB59700DCF9E0 /* ZCCCircleProgressViewProjectUITests.m */; };
/* End PBXBuildFile section */

/* Begin PBXContainerItemProxy section */
		04A541A01FCEB59700DCF9E0 /* PBXContainerItemProxy */ = {
			isa = PBXContainerItemProxy;
			containerPortal = 04A5417E1FCEB59600DCF9E0 /* Project object */;
			proxyType = 1;
			remoteGlobalIDString = 04A541851FCEB59600DCF9E0;
			remoteInfo = ZCCCircleProgressViewProject;
		};
		04A541AB1FCEB59700DCF9E0 /* PBXContainerItemProxy */ = {
			isa = PBXContainerItemProxy;
			containerPortal = 04A5417E1FCEB59600DCF9E0 /* Project object */;
			proxyType = 1;
			remoteGlobalIDString = 04A541851FCEB59600DCF9E0;
			remoteInfo = ZCCCircleProgressViewProject;
		};
/* End PBXContainerItemProxy section */

/* Begin PBXFileReference section */
		046C29FA1FCF9E120097B9E4 /* ZCCCircleProgressView.h */ = {isa = PBXFileReference; fileEncoding = 4; lastKnownFileType = sourcecode.c.h; path = ZCCCircleProgressView.h; sourceTree = "<group>"; };
		046C29FB1FCF9E120097B9E4 /* ZCCCircleProgressView.m */ = {isa = PBXFileReference; fileEncoding = 4; lastKnownFileType = sourcecode.c.objc; path = ZCCCircleProgressView.m; sourceTree = "<group>"; };
		046C29FD1FCF9E330097B9E4 /* UIView+EXTENSION.h */ = {isa = PBXFileReference; fileEncoding = 4; lastKnownFileType = sourcecode.c.h; path = "UIView+EXTENSION.h"; sourceTree = "<group>"; };
		046C29FE1FCF9E330097B9E4 /* UIView+EXTENSION.m */ = {isa = PBXFileReference; fileEncoding = 4; lastKnownFileType = sourcecode.c.objc; path = "UIView+EXTENSION.m"; sourceTree = "<group>"; };
		046C2A001FCF9F7D0097B9E4 /* ZCCCommon.h */ = {isa = PBXFileReference; fileEncoding = 4; lastKnownFileType = sourcecode.c.h; path = ZCCCommon.h; sourceTree = "<group>"; };
		046C2A011FCF9F7D0097B9E4 /* ZCCCommon.m */ = {isa = PBXFileReference; fileEncoding = 4; lastKnownFileType = sourcecode.c.objc; path = ZCCCommon.m; sourceTree = "<group>"; };
		04A541861FCEB59600DCF9E0 /* ZCCCircleProgressViewProject.app */ = {isa = PBXFileReference; explicitFileType = wrapper.application; includeInIndex = 0; path = ZCCCircleProgressViewProject.app; sourceTree = BUILT_PRODUCTS_DIR; };
		04A5418A1FCEB59600DCF9E0 /* main.m */ = {isa = PBXFileReference; lastKnownFileType = sourcecode.c.objc; path = main.m; sourceTree = "<group>"; };
		04A5418C1FCEB59600DCF9E0 /* AppDelegate.h */ = {isa = PBXFileReference; lastKnownFileType = sourcecode.c.h; path = AppDelegate.h; sourceTree = "<group>"; };
		04A5418D1FCEB59600DCF9E0 /* AppDelegate.m */ = {isa = PBXFileReference; lastKnownFileType = sourcecode.c.objc; path = AppDelegate.m; sourceTree = "<group>"; };
		04A5418F1FCEB59600DCF9E0 /* ViewController.h */ = {isa = PBXFileReference; lastKnownFileType = sourcecode.c.h; path = ViewController.h; sourceTree = "<group>"; };
		04A541901FCEB59600DCF9E0 /* ViewController.m */ = {isa = PBXFileReference; lastKnownFileType = sourcecode.c.objc; path = ViewController.m; sourceTree = "<group>"; };
		04A541931FCEB59600DCF9E0 /* Base */ = {isa = PBXFileReference; lastKnownFileType = file.storyboard; name = Base; path = Base.lproj/Main.storyboard; sourceTree = "<group>"; };
		04A541951FCEB59600DCF9E0 /* Assets.xcassets */ = {isa = PBXFileReference; lastKnownFileType = folder.assetcatalog; path = Assets.xcassets; sourceTree = "<group>"; };
		04A541981FCEB59600DCF9E0 /* Base */ = {isa = PBXFileReference; lastKnownFileType = file.storyboard; name = Base; path = Base.lproj/LaunchScreen.storyboard; sourceTree = "<group>"; };
		04A5419A1FCEB59600DCF9E0 /* Info.plist */ = {isa = PBXFileReference; lastKnownFileType = text.plist.xml; path = Info.plist; sourceTree = "<group>"; };
		04A5419F1FCEB59700DCF9E0 /* ZCCCircleProgressViewProjectTests.xctest */ = {isa = PBXFileReference; explicitFileType = wrapper.cfbundle; includeInIndex = 0; path = ZCCCircleProgressViewProjectTests.xctest; sourceTree = BUILT_PRODUCTS_DIR; };
		04A541A31FCEB59700DCF9E0 /* ZCCCircleProgressViewProjectTests.m */ = {isa = PBXFileReference; lastKnownFileType = sourcecode.c.objc; path = ZCCCircleProgressViewProjectTests.m; sourceTree = "<group>"; };
		04A541A51FCEB59700DCF9E0 /* Info.plist */ = {isa = PBXFileReference; lastKnownFileType = text.plist.xml; path = Info.plist; sourceTree = "<group>"; };
		04A541AA1FCEB59700DCF9E0 /* ZCCCircleProgressViewProjectUITests.xctest */ = {isa = PBXFileReference; explicitFileType = wrapper.cfbundle; includeInIndex = 0; path = ZCCCircleProgressViewProjectUITests.xctest; sourceTree = BUILT_PRODUCTS_DIR; };
		04A541AE1FCEB59700DCF9E0 /* ZCCCircleProgressViewProjectUITests.m */ = {isa = PBXFileReference; lastKnownFileType = sourcecode.c.objc; path = ZCCCircleProgressViewProjectUITests.m; sourceTree = "<group>"; };
		04A541B01FCEB59700DCF9E0 /* Info.plist */ = {isa = PBXFileReference; lastKnownFileType = text.plist.xml; path = Info.plist; sourceTree = "<group>"; };
/* End PBXFileReference section */

/* Begin PBXFrameworksBuildPhase section */
		04A541831FCEB59600DCF9E0 /* Frameworks */ = {
			isa = PBXFrameworksBuildPhase;
			buildActionMask = 2147483647;
			files = (
			);
			runOnlyForDeploymentPostprocessing = 0;
		};
		04A5419C1FCEB59700DCF9E0 /* Frameworks */ = {
			isa = PBXFrameworksBuildPhase;
			buildActionMask = 2147483647;
			files = (
			);
			runOnlyForDeploymentPostprocessing = 0;
		};
		04A541A71FCEB59700DCF9E0 /* Frameworks */ = {
			isa = PBXFrameworksBuildPhase;
			buildActionMask = 2147483647;
			files = (
			);
			runOnlyForDeploymentPostprocessing = 0;
		};
/* End PBXFrameworksBuildPhase section */

/* Begin PBXGroup section */
		04A5417D1FCEB59600DCF9E0 = {
			isa = PBXGroup;
			children = (
				04A541881FCEB59600DCF9E0 /* ZCCCircleProgressViewProject */,
				04A541A21FCEB59700DCF9E0 /* ZCCCircleProgressViewProjectTests */,
				04A541AD1FCEB59700DCF9E0 /* ZCCCircleProgressViewProjectUITests */,
				04A541871FCEB59600DCF9E0 /* Products */,
			);
			sourceTree = "<group>";
		};
		04A541871FCEB59600DCF9E0 /* Products */ = {
			isa = PBXGroup;
			children = (
				04A541861FCEB59600DCF9E0 /* ZCCCircleProgressViewProject.app */,
				04A5419F1FCEB59700DCF9E0 /* ZCCCircleProgressViewProjectTests.xctest */,
				04A541AA1FCEB59700DCF9E0 /* ZCCCircleProgressViewProjectUITests.xctest */,
			);
			name = Products;
			sourceTree = "<group>";
		};
		04A541881FCEB59600DCF9E0 /* ZCCCircleProgressViewProject */ = {
			isa = PBXGroup;
			children = (
				04A5418C1FCEB59600DCF9E0 /* AppDelegate.h */,
				04A5418D1FCEB59600DCF9E0 /* AppDelegate.m */,
				04A5418F1FCEB59600DCF9E0 /* ViewController.h */,
				04A541901FCEB59600DCF9E0 /* ViewController.m */,
				04A541921FCEB59600DCF9E0 /* Main.storyboard */,
				04A541951FCEB59600DCF9E0 /* Assets.xcassets */,
				04A541971FCEB59600DCF9E0 /* LaunchScreen.storyboard */,
				04A5419A1FCEB59600DCF9E0 /* Info.plist */,
				046C29FA1FCF9E120097B9E4 /* ZCCCircleProgressView.h */,
				046C29FB1FCF9E120097B9E4 /* ZCCCircleProgressView.m */,
				04A541891FCEB59600DCF9E0 /* Supporting Files */,
			);
			path = ZCCCircleProgressViewProject;
			sourceTree = "<group>";
		};
		04A541891FCEB59600DCF9E0 /* Supporting Files */ = {
			isa = PBXGroup;
			children = (
				046C2A001FCF9F7D0097B9E4 /* ZCCCommon.h */,
				046C2A011FCF9F7D0097B9E4 /* ZCCCommon.m */,
				046C29FD1FCF9E330097B9E4 /* UIView+EXTENSION.h */,
				046C29FE1FCF9E330097B9E4 /* UIView+EXTENSION.m */,
				04A5418A1FCEB59600DCF9E0 /* main.m */,
			);
			name = "Supporting Files";
			sourceTree = "<group>";
		};
		04A541A21FCEB59700DCF9E0 /* ZCCCircleProgressViewProjectTests */ = {
			isa = PBXGroup;
			children = (
				04A541A31FCEB59700DCF9E0 /* ZCCCircleProgressViewProjectTests.m */,
				04A541A51FCEB59700DCF9E0 /* Info.plist */,
			);
			path = ZCCCircleProgressViewProjectTests;
			sourceTree = "<group>";
		};
		04A541AD1FCEB59700DCF9E0 /* ZCCCircleProgressViewProjectUITests */ = {
			isa = PBXGroup;
			children = (
				04A541AE1FCEB59700DCF9E0 /* ZCCCircleProgressViewProjectUITests.m */,
				04A541B01FCEB59700DCF9E0 /* Info.plist */,
			);
			path = ZCCCircleProgressViewProjectUITests;
			sourceTree = "<group>";
		};
/* End PBXGroup section */

/* Begin PBXNativeTarget section */
		04A541851FCEB59600DCF9E0 /* ZCCCircleProgressViewProject */ = {
			isa = PBXNativeTarget;
			buildConfigurationList = 04A541B31FCEB59700DCF9E0 /* Build configuration list for PBXNativeTarget "ZCCCircleProgressViewProject" */;
			buildPhases = (
				04A541821FCEB59600DCF9E0 /* Sources */,
				04A541831FCEB59600DCF9E0 /* Frameworks */,
				04A541841FCEB59600DCF9E0 /* Resources */,
			);
			buildRules = (
			);
			dependencies = (
			);
			name = ZCCCircleProgressViewProject;
			productName = ZCCCircleProgressViewProject;
			productReference = 04A541861FCEB59600DCF9E0 /* ZCCCircleProgressViewProject.app */;
			productType = "com.apple.product-type.application";
		};
		04A5419E1FCEB59700DCF9E0 /* ZCCCircleProgressViewProjectTests */ = {
			isa = PBXNativeTarget;
			buildConfigurationList = 04A541B61FCEB59700DCF9E0 /* Build configuration list for PBXNativeTarget "ZCCCircleProgressViewProjectTests" */;
			buildPhases = (
				04A5419B1FCEB59700DCF9E0 /* Sources */,
				04A5419C1FCEB59700DCF9E0 /* Frameworks */,
				04A5419D1FCEB59700DCF9E0 /* Resources */,
			);
			buildRules = (
			);
			dependencies = (
				04A541A11FCEB59700DCF9E0 /* PBXTargetDependency */,
			);
			name = ZCCCircleProgressViewProjectTests;
			productName = ZCCCircleProgressViewProjectTests;
			productReference = 04A5419F1FCEB59700DCF9E0 /* ZCCCircleProgressViewProjectTests.xctest */;
			productType = "com.apple.product-type.bundle.unit-test";
		};
		04A541A91FCEB59700DCF9E0 /* ZCCCircleProgressViewProjectUITests */ = {
			isa = PBXNativeTarget;
			buildConfigurationList = 04A541B91FCEB59700DCF9E0 /* Build configuration list for PBXNativeTarget "ZCCCircleProgressViewProjectUITests" */;
			buildPhases = (
				04A541A61FCEB59700DCF9E0 /* Sources */,
				04A541A71FCEB59700DCF9E0 /* Frameworks */,
				04A541A81FCEB59700DCF9E0 /* Resources */,
			);
			buildRules = (
			);
			dependencies = (
				04A541AC1FCEB59700DCF9E0 /* PBXTargetDependency */,
			);
			name = ZCCCircleProgressViewProjectUITests;
			productName = ZCCCircleProgressViewProjectUITests;
			productReference = 04A541AA1FCEB59700DCF9E0 /* ZCCCircleProgressViewProjectUITests.xctest */;
			productType = "com.apple.product-type.bundle.ui-testing";
		};
/* End PBXNativeTarget section */

/* Begin PBXProject section */
		04A5417E1FCEB59600DCF9E0 /* Project object */ = {
			isa = PBXProject;
			attributes = {
				LastUpgradeCheck = 0830;
				ORGANIZATIONNAME = zcc;
				TargetAttributes = {
					04A541851FCEB59600DCF9E0 = {
						CreatedOnToolsVersion = 8.3.3;
						DevelopmentTeam = D6BNMPBAWN;
						ProvisioningStyle = Automatic;
					};
					04A5419E1FCEB59700DCF9E0 = {
						CreatedOnToolsVersion = 8.3.3;
						DevelopmentTeam = D6BNMPBAWN;
						ProvisioningStyle = Automatic;
						TestTargetID = 04A541851FCEB59600DCF9E0;
					};
					04A541A91FCEB59700DCF9E0 = {
						CreatedOnToolsVersion = 8.3.3;
						DevelopmentTeam = D6BNMPBAWN;
						ProvisioningStyle = Automatic;
						TestTargetID = 04A541851FCEB59600DCF9E0;
					};
				};
			};
			buildConfigurationList = 04A541811FCEB59600DCF9E0 /* Build configuration list for PBXProject "ZCCCircleProgressViewProject" */;
			compatibilityVersion = "Xcode 3.2";
			developmentRegion = English;
			hasScannedForEncodings = 0;
			knownRegions = (
				en,
				Base,
			);
			mainGroup = 04A5417D1FCEB59600DCF9E0;
			productRefGroup = 04A541871FCEB59600DCF9E0 /* Products */;
			projectDirPath = "";
			projectRoot = "";
			targets = (
				04A541851FCEB59600DCF9E0 /* ZCCCircleProgressViewProject */,
				04A5419E1FCEB59700DCF9E0 /* ZCCCircleProgressViewProjectTests */,
				04A541A91FCEB59700DCF9E0 /* ZCCCircleProgressViewProjectUITests */,
			);
		};
/* End PBXProject section */

/* Begin PBXResourcesBuildPhase section */
		04A541841FCEB59600DCF9E0 /* Resources */ = {
			isa = PBXResourcesBuildPhase;
			buildActionMask = 2147483647;
			files = (
				04A541991FCEB59600DCF9E0 /* LaunchScreen.storyboard in Resources */,
				04A541961FCEB59600DCF9E0 /* Assets.xcassets in Resources */,
				04A541941FCEB59600DCF9E0 /* Main.storyboard in Resources */,
			);
			runOnlyForDeploymentPostprocessing = 0;
		};
		04A5419D1FCEB59700DCF9E0 /* Resources */ = {
			isa = PBXResourcesBuildPhase;
			buildActionMask = 2147483647;
			files = (
			);
			runOnlyForDeploymentPostprocessing = 0;
		};
		04A541A81FCEB59700DCF9E0 /* Resources */ = {
			isa = PBXResourcesBuildPhase;
			buildActionMask = 2147483647;
			files = (
			);
			runOnlyForDeploymentPostprocessing = 0;
		};
/* End PBXResourcesBuildPhase section */

/* Begin PBXSourcesBuildPhase section */
		04A541821FCEB59600DCF9E0 /* Sources */ = {
			isa = PBXSourcesBuildPhase;
			buildActionMask = 2147483647;
			files = (
				046C29FC1FCF9E120097B9E4 /* ZCCCircleProgressView.m in Sources */,
				04A541911FCEB59600DCF9E0 /* ViewController.m in Sources */,
				046C29FF1FCF9E330097B9E4 /* UIView+EXTENSION.m in Sources */,
				04A5418E1FCEB59600DCF9E0 /* AppDelegate.m in Sources */,
				04A5418B1FCEB59600DCF9E0 /* main.m in Sources */,
				046C2A021FCF9F7D0097B9E4 /* ZCCCommon.m in Sources */,
			);
			runOnlyForDeploymentPostprocessing = 0;
		};
		04A5419B1FCEB59700DCF9E0 /* Sources */ = {
			isa = PBXSourcesBuildPhase;
			buildActionMask = 2147483647;
			files = (
				04A541A41FCEB59700DCF9E0 /* ZCCCircleProgressViewProjectTests.m in Sources */,
			);
			runOnlyForDeploymentPostprocessing = 0;
		};
		04A541A61FCEB59700DCF9E0 /* Sources */ = {
			isa = PBXSourcesBuildPhase;
			buildActionMask = 2147483647;
			files = (
				04A541AF1FCEB59700DCF9E0 /* ZCCCircleProgressViewProjectUITests.m in Sources */,
			);
			runOnlyForDeploymentPostprocessing = 0;
		};
/* End PBXSourcesBuildPhase section */

/* Begin PBXTargetDependency section */
		04A541A11FCEB59700DCF9E0 /* PBXTargetDependency */ = {
			isa = PBXTargetDependency;
			target = 04A541851FCEB59600DCF9E0 /* ZCCCircleProgressViewProject */;
			targetProxy = 04A541A01FCEB59700DCF9E0 /* PBXContainerItemProxy */;
		};
		04A541AC1FCEB59700DCF9E0 /* PBXTargetDependency */ = {
			isa = PBXTargetDependency;
			target = 04A541851FCEB59600DCF9E0 /* ZCCCircleProgressViewProject */;
			targetProxy = 04A541AB1FCEB59700DCF9E0 /* PBXContainerItemProxy */;
		};
/* End PBXTargetDependency section */

/* Begin PBXVariantGroup section */
		04A541921FCEB59600DCF9E0 /* Main.storyboard */ = {
			isa = PBXVariantGroup;
			children = (
				04A541931FCEB59600DCF9E0 /* Base */,
			);
			name = Main.storyboard;
			sourceTree = "<group>";
		};
		04A541971FCEB59600DCF9E0 /* LaunchScreen.storyboard */ = {
			isa = PBXVariantGroup;
			children = (
				04A541981FCEB59600DCF9E0 /* Base */,
			);
			name = LaunchScreen.storyboard;
			sourceTree = "<group>";
		};
/* End PBXVariantGroup section */

/* Begin XCBuildConfiguration section */
		04A541B11FCEB59700DCF9E0 /* Debug */ = {
			isa = XCBuildConfiguration;
			buildSettings = {
				ALWAYS_SEARCH_USER_PATHS = NO;
				CLANG_ANALYZER_NONNULL = YES;
				CLANG_ANALYZER_NUMBER_OBJECT_CONVERSION = YES_AGGRESSIVE;
				CLANG_CXX_LANGUAGE_STANDARD = "gnu++0x";
				CLANG_CXX_LIBRARY = "libc++";
				CLANG_ENABLE_MODULES = YES;
				CLANG_ENABLE_OBJC_ARC = YES;
				CLANG_WARN_BOOL_CONVERSION = YES;
				CLANG_WARN_CONSTANT_CONVERSION = YES;
				CLANG_WARN_DIRECT_OBJC_ISA_USAGE = YES_ERROR;
				CLANG_WARN_DOCUMENTATION_COMMENTS = YES;
				CLANG_WARN_EMPTY_BODY = YES;
				CLANG_WARN_ENUM_CONVERSION = YES;
				CLANG_WARN_INFINITE_RECURSION = YES;
				CLANG_WARN_INT_CONVERSION = YES;
				CLANG_WARN_OBJC_ROOT_CLASS = YES_ERROR;
				CLANG_WARN_SUSPICIOUS_MOVE = YES;
				CLANG_WARN_UNREACHABLE_CODE = YES;
				CLANG_WARN__DUPLICATE_METHOD_MATCH = YES;
				"CODE_SIGN_IDENTITY[sdk=iphoneos*]" = "iPhone Developer";
				COPY_PHASE_STRIP = NO;
				DEBUG_INFORMATION_FORMAT = dwarf;
				ENABLE_STRICT_OBJC_MSGSEND = YES;
				ENABLE_TESTABILITY = YES;
				GCC_C_LANGUAGE_STANDARD = gnu99;
				GCC_DYNAMIC_NO_PIC = NO;
				GCC_NO_COMMON_BLOCKS = YES;
				GCC_OPTIMIZATION_LEVEL = 0;
				GCC_PREPROCESSOR_DEFINITIONS = (
					"DEBUG=1",
					"$(inherited)",
				);
				GCC_WARN_64_TO_32_BIT_CONVERSION = YES;
				GCC_WARN_ABOUT_RETURN_TYPE = YES_ERROR;
				GCC_WARN_UNDECLARED_SELECTOR = YES;
				GCC_WARN_UNINITIALIZED_AUTOS = YES_AGGRESSIVE;
				GCC_WARN_UNUSED_FUNCTION = YES;
				GCC_WARN_UNUSED_VARIABLE = YES;
				IPHONEOS_DEPLOYMENT_TARGET = 10.3;
				MTL_ENABLE_DEBUG_INFO = YES;
				ONLY_ACTIVE_ARCH = YES;
				SDKROOT = iphoneos;
			};
			name = Debug;
		};
		04A541B21FCEB59700DCF9E0 /* Release */ = {
			isa = XCBuildConfiguration;
			buildSettings = {
				ALWAYS_SEARCH_USER_PATHS = NO;
				CLANG_ANALYZER_NONNULL = YES;
				CLANG_ANALYZER_NUMBER_OBJECT_CONVERSION = YES_AGGRESSIVE;
				CLANG_CXX_LANGUAGE_STANDARD = "gnu++0x";
				CLANG_CXX_LIBRARY = "libc++";
				CLANG_ENABLE_MODULES = YES;
				CLANG_ENABLE_OBJC_ARC = YES;
				CLANG_WARN_BOOL_CONVERSION = YES;
				CLANG_WARN_CONSTANT_CONVERSION = YES;
				CLANG_WARN_DIRECT_OBJC_ISA_USAGE = YES_ERROR;
				CLANG_WARN_DOCUMENTATION_COMMENTS = YES;
				CLANG_WARN_EMPTY_BODY = YES;
				CLANG_WARN_ENUM_CONVERSION = YES;
				CLANG_WARN_INFINITE_RECURSION = YES;
				CLANG_WARN_INT_CONVERSION = YES;
				CLANG_WARN_OBJC_ROOT_CLASS = YES_ERROR;
				CLANG_WARN_SUSPICIOUS_MOVE = YES;
				CLANG_WARN_UNREACHABLE_CODE = YES;
				CLANG_WARN__DUPLICATE_METHOD_MATCH = YES;
				"CODE_SIGN_IDENTITY[sdk=iphoneos*]" = "iPhone Developer";
				COPY_PHASE_STRIP = NO;
				DEBUG_INFORMATION_FORMAT = "dwarf-with-dsym";
				ENABLE_NS_ASSERTIONS = NO;
				ENABLE_STRICT_OBJC_MSGSEND = YES;
				GCC_C_LANGUAGE_STANDARD = gnu99;
				GCC_NO_COMMON_BLOCKS = YES;
				GCC_WARN_64_TO_32_BIT_CONVERSION = YES;
				GCC_WARN_ABOUT_RETURN_TYPE = YES_ERROR;
				GCC_WARN_UNDECLARED_SELECTOR = YES;
				GCC_WARN_UNINITIALIZED_AUTOS = YES_AGGRESSIVE;
				GCC_WARN_UNUSED_FUNCTION = YES;
				GCC_WARN_UNUSED_VARIABLE = YES;
				IPHONEOS_DEPLOYMENT_TARGET = 10.3;
				MTL_ENABLE_DEBUG_INFO = NO;
				SDKROOT = iphoneos;
				VALIDATE_PRODUCT = YES;
			};
			name = Release;
		};
		04A541B41FCEB59700DCF9E0 /* Debug */ = {
			isa = XCBuildConfiguration;
			buildSettings = {
				ASSETCATALOG_COMPILER_APPICON_NAME = AppIcon;
				DEVELOPMENT_TEAM = D6BNMPBAWN;
				INFOPLIST_FILE = ZCCCircleProgressViewProject/Info.plist;
				LD_RUNPATH_SEARCH_PATHS = "$(inherited) @executable_path/Frameworks";
				PRODUCT_BUNDLE_IDENTIFIER = com.zcc.ZCCCircleProgressViewProject;
				PRODUCT_NAME = "$(TARGET_NAME)";
			};
			name = Debug;
		};
		04A541B51FCEB59700DCF9E0 /* Release */ = {
			isa = XCBuildConfiguration;
			buildSettings = {
				ASSETCATALOG_COMPILER_APPICON_NAME = AppIcon;
				DEVELOPMENT_TEAM = D6BNMPBAWN;
				INFOPLIST_FILE = ZCCCircleProgressViewProject/Info.plist;
				LD_RUNPATH_SEARCH_PATHS = "$(inherited) @executable_path/Frameworks";
				PRODUCT_BUNDLE_IDENTIFIER = com.zcc.ZCCCircleProgressViewProject;
				PRODUCT_NAME = "$(TARGET_NAME)";
			};
			name = Release;
		};
		04A541B71FCEB59700DCF9E0 /* Debug */ = {
			isa = XCBuildConfiguration;
			buildSettings = {
				BUNDLE_LOADER = "$(TEST_HOST)";
				DEVELOPMENT_TEAM = D6BNMPBAWN;
				INFOPLIST_FILE = ZCCCircleProgressViewProjectTests/Info.plist;
				LD_RUNPATH_SEARCH_PATHS = "$(inherited) @executable_path/Frameworks @loader_path/Frameworks";
				PRODUCT_BUNDLE_IDENTIFIER = com.zcc.ZCCCircleProgressViewProjectTests;
				PRODUCT_NAME = "$(TARGET_NAME)";
				TEST_HOST = "$(BUILT_PRODUCTS_DIR)/ZCCCircleProgressViewProject.app/ZCCCircleProgressViewProject";
			};
			name = Debug;
		};
		04A541B81FCEB59700DCF9E0 /* Release */ = {
			isa = XCBuildConfiguration;
			buildSettings = {
				BUNDLE_LOADER = "$(TEST_HOST)";
				DEVELOPMENT_TEAM = D6BNMPBAWN;
				INFOPLIST_FILE = ZCCCircleProgressViewProjectTests/Info.plist;
				LD_RUNPATH_SEARCH_PATHS = "$(inherited) @executable_path/Frameworks @loader_path/Frameworks";
				PRODUCT_BUNDLE_IDENTIFIER = com.zcc.ZCCCircleProgressViewProjectTests;
				PRODUCT_NAME = "$(TARGET_NAME)";
				TEST_HOST = "$(BUILT_PRODUCTS_DIR)/ZCCCircleProgressViewProject.app/ZCCCircleProgressViewProject";
			};
			name = Release;
		};
		04A541BA1FCEB59700DCF9E0 /* Debug */ = {
			isa = XCBuildConfiguration;
			buildSettings = {
				DEVELOPMENT_TEAM = D6BNMPBAWN;
				INFOPLIST_FILE = ZCCCircleProgressViewProjectUITests/Info.plist;
				LD_RUNPATH_SEARCH_PATHS = "$(inherited) @executable_path/Frameworks @loader_path/Frameworks";
				PRODUCT_BUNDLE_IDENTIFIER = com.zcc.ZCCCircleProgressViewProjectUITests;
				PRODUCT_NAME = "$(TARGET_NAME)";
				TEST_TARGET_NAME = ZCCCircleProgressViewProject;
			};
			name = Debug;
		};
		04A541BB1FCEB59700DCF9E0 /* Release */ = {
			isa = XCBuildConfiguration;
			buildSettings = {
				DEVELOPMENT_TEAM = D6BNMPBAWN;
				INFOPLIST_FILE = ZCCCircleProgressViewProjectUITests/Info.plist;
				LD_RUNPATH_SEARCH_PATHS = "$(inherited) @executable_path/Frameworks @loader_path/Frameworks";
				PRODUCT_BUNDLE_IDENTIFIER = com.zcc.ZCCCircleProgressViewProjectUITests;
				PRODUCT_NAME = "$(TARGET_NAME)";
				TEST_TARGET_NAME = ZCCCircleProgressViewProject;
			};
			name = Release;
		};
/* End XCBuildConfiguration section */

/* Begin XCConfigurationList section */
		04A541811FCEB59600DCF9E0 /* Build configuration list for PBXProject "ZCCCircleProgressViewProject" */ = {
			isa = XCConfigurationList;
			buildConfigurations = (
				04A541B11FCEB59700DCF9E0 /* Debug */,
				04A541B21FCEB59700DCF9E0 /* Release */,
			);
			defaultConfigurationIsVisible = 0;
			defaultConfigurationName = Release;
		};
		04A541B31FCEB59700DCF9E0 /* Build configuration list for PBXNativeTarget "ZCCCircleProgressViewProject" */ = {
			isa = XCConfigurationList;
			buildConfigurations = (
				04A541B41FCEB59700DCF9E0 /* Debug */,
				04A541B51FCEB59700DCF9E0 /* Release */,
			);
			defaultConfigurationIsVisible = 0;
			defaultConfigurationName = Release;
		};
		04A541B61FCEB59700DCF9E0 /* Build configuration list for PBXNativeTarget "ZCCCircleProgressViewProjectTests" */ = {
			isa = XCConfigurationList;
			buildConfigurations = (
				04A541B71FCEB59700DCF9E0 /* Debug */,
				04A541B81FCEB59700DCF9E0 /* Release */,
			);
			defaultConfigurationIsVisible = 0;
			defaultConfigurationName = Release;
		};
		04A541B91FCEB59700DCF9E0 /* Build configuration list for PBXNativeTarget "ZCCCircleProgressViewProjectUITests" */ = {
			isa = XCConfigurationList;
			buildConfigurations = (
				04A541BA1FCEB59700DCF9E0 /* Debug */,
				04A541BB1FCEB59700DCF9E0 /* Release */,
			);
			defaultConfigurationIsVisible = 0;
			defaultConfigurationName = Release;
		};
/* End XCConfigurationList section */
	};
	rootObject = 04A5417E1FCEB59600DCF9E0 /* Project object */;
}
